
Microsoft Visual Studio Solution File, Format Version 12.00
# Visual Studio Version 16
VisualStudioVersion = 16.0.31321.278
MinimumVisualStudioVersion = 10.0.40219.1
Project("{FAE04EC0-301F-11D3-BF4B-00C04F79EFBC}") = "CoreLesson", "CoreLesson\CoreLesson.csproj", "{3A9E3639-ED1C-4921-ADD9-4C317044CB9A}"
EndProject
Project("{FAE04EC0-301F-11D3-BF4B-00C04F79EFBC}") = "FirstLesson", "FirstLesson\FirstLesson.csproj", "{F92C517E-291D-4FA5-8BDA-68A1C3027EF9}"
EndProject
Global
	GlobalSection(SolutionConfigurationPlatforms) = preSolution
		Debug|Any CPU = Debug|Any CPU
		Release|Any CPU = Release|Any CPU
	EndGlobalSection
	GlobalSection(ProjectConfigurationPlatforms) = postSolution
		{3A9E3639-ED1C-4921-ADD9-4C317044CB9A}.Debug|Any CPU.ActiveCfg = Debug|Any CPU
		{3A9E3639-ED1C-4921-ADD9-4C317044CB9A}.Debug|Any CPU.Build.0 = Debug|Any CPU
		{3A9E3639-ED1C-4921-ADD9-4C317044CB9A}.Release|Any CPU.ActiveCfg = Release|Any CPU
		{3A9E3639-ED1C-4921-ADD9-4C317044CB9A}.Release|Any CPU.Build.0 = Release|Any CPU
		{F92C517E-291D-4FA5-8BDA-68A1C3027EF9}.Debug|Any CPU.ActiveCfg = Debug|Any CPU
		{F92C517E-291D-4FA5-8BDA-68A1C3027EF9}.Debug|Any CPU.Build.0 = Debug|Any CPU
		{F92C517E-291D-4FA5-8BDA-68A1C3027EF9}.Release|Any CPU.ActiveCfg = Release|Any CPU
		{F92C517E-291D-4FA5-8BDA-68A1C3027EF9}.Release|Any CPU.Build.0 = Release|Any CPU
	EndGlobalSection
	GlobalSection(SolutionProperties) = preSolution
		HideSolutionNode = FALSE
	EndGlobalSection
	GlobalSection(ExtensibilityGlobals) = postSolution
		SolutionGuid = {68ED4659-B657-4AB1-B508-125E53C16926}
	EndGlobalSection
EndGlobal
